
Microsoft Visual Studio Solution File, Format Version 12.00
# Visual Studio Version 17
VisualStudioVersion = 17.0.31903.59
MinimumVisualStudioVersion = 10.0.40219.1
Project("{2150E333-8FDC-42A3-9474-1A3956D46DE8}") = "src", "src", "{827E0CD3-B72D-47B6-A68D-7590B98EB39B}"
EndProject
Project("{FAE04EC0-301F-11D3-BF4B-00C04F79EFBC}") = "Licitaciones.Domain", "src\Licitaciones.Domain\Licitaciones.Domain.csproj", "{A47C1440-DB2A-423B-91DF-0CD3A7A09FBD}"
EndProject
Project("{FAE04EC0-301F-11D3-BF4B-00C04F79EFBC}") = "Licitaciones.Application", "src\Licitaciones.Application\Licitaciones.Application.csproj", "{0353E974-D44D-4CCC-96DA-5A529DBD42A5}"
EndProject
Project("{FAE04EC0-301F-11D3-BF4B-00C04F79EFBC}") = "Licitaciones.Infrastructure", "src\Licitaciones.Infrastructure\Licitaciones.Infrastructure.csproj", "{C1D9DC4C-A51A-4E0D-8071-2BCE04BB3862}"
EndProject
Project("{FAE04EC0-301F-11D3-BF4B-00C04F79EFBC}") = "Licitaciones.Web", "src\Licitaciones.Web\Licitaciones.Web.csproj", "{57CB95A8-6804-4B90-B4DF-3875F4A1AB0D}"
EndProject
Project("{FAE04EC0-301F-11D3-BF4B-00C04F79EFBC}") = "Licitaciones.Api", "src\Licitaciones.Api\Licitaciones.Api.csproj", "{843E7EEB-18A2-4D06-ADA3-0EBE259B2BE7}"
EndProject
Project("{2150E333-8FDC-42A3-9474-1A3956D46DE8}") = "tests", "tests", "{0AB3BF05-4346-4AA6-1389-037BE0695223}"
EndProject
Project("{FAE04EC0-301F-11D3-BF4B-00C04F79EFBC}") = "Licitaciones.UnitTests", "tests\Licitaciones.UnitTests\Licitaciones.UnitTests.csproj", "{F24F404F-D488-4A03-99C2-717B10EE9555}"
EndProject
Project("{FAE04EC0-301F-11D3-BF4B-00C04F79EFBC}") = "Licitaciones.IntegrationTests", "tests\Licitaciones.IntegrationTests\Licitaciones.IntegrationTests.csproj", "{FBD99909-432D-4E10-8124-79B26EC2722F}"
EndProject
Project("{FAE04EC0-301F-11D3-BF4B-00C04F79EFBC}") = "Licitaciones.FunctionalTests", "tests\Licitaciones.FunctionalTests\Licitaciones.FunctionalTests.csproj", "{6E8449BC-986A-450E-A1A3-A9F3F3B29A49}"
EndProject
Global
	GlobalSection(SolutionConfigurationPlatforms) = preSolution
		Debug|Any CPU = Debug|Any CPU
		Debug|x64 = Debug|x64
		Debug|x86 = Debug|x86
		Release|Any CPU = Release|Any CPU
		Release|x64 = Release|x64
		Release|x86 = Release|x86
	EndGlobalSection
	GlobalSection(ProjectConfigurationPlatforms) = postSolution
		{A47C1440-DB2A-423B-91DF-0CD3A7A09FBD}.Debug|Any CPU.ActiveCfg = Debug|Any CPU
		{A47C1440-DB2A-423B-91DF-0CD3A7A09FBD}.Debug|Any CPU.Build.0 = Debug|Any CPU
		{A47C1440-DB2A-423B-91DF-0CD3A7A09FBD}.Debug|x64.ActiveCfg = Debug|Any CPU
		{A47C1440-DB2A-423B-91DF-0CD3A7A09FBD}.Debug|x64.Build.0 = Debug|Any CPU
		{A47C1440-DB2A-423B-91DF-0CD3A7A09FBD}.Debug|x86.ActiveCfg = Debug|Any CPU
		{A47C1440-DB2A-423B-91DF-0CD3A7A09FBD}.Debug|x86.Build.0 = Debug|Any CPU
		{A47C1440-DB2A-423B-91DF-0CD3A7A09FBD}.Release|Any CPU.ActiveCfg = Release|Any CPU
		{A47C1440-DB2A-423B-91DF-0CD3A7A09FBD}.Release|Any CPU.Build.0 = Release|Any CPU
		{A47C1440-DB2A-423B-91DF-0CD3A7A09FBD}.Release|x64.ActiveCfg = Release|Any CPU
		{A47C1440-DB2A-423B-91DF-0CD3A7A09FBD}.Release|x64.Build.0 = Release|Any CPU
		{A47C1440-DB2A-423B-91DF-0CD3A7A09FBD}.Release|x86.ActiveCfg = Release|Any CPU
		{A47C1440-DB2A-423B-91DF-0CD3A7A09FBD}.Release|x86.Build.0 = Release|Any CPU
		{0353E974-D44D-4CCC-96DA-5A529DBD42A5}.Debug|Any CPU.ActiveCfg = Debug|Any CPU
		{0353E974-D44D-4CCC-96DA-5A529DBD42A5}.Debug|Any CPU.Build.0 = Debug|Any CPU
		{0353E974-D44D-4CCC-96DA-5A529DBD42A5}.Debug|x64.ActiveCfg = Debug|Any CPU
		{0353E974-D44D-4CCC-96DA-5A529DBD42A5}.Debug|x64.Build.0 = Debug|Any CPU
		{0353E974-D44D-4CCC-96DA-5A529DBD42A5}.Debug|x86.ActiveCfg = Debug|Any CPU
		{0353E974-D44D-4CCC-96DA-5A529DBD42A5}.Debug|x86.Build.0 = Debug|Any CPU
		{0353E974-D44D-4CCC-96DA-5A529DBD42A5}.Release|Any CPU.ActiveCfg = Release|Any CPU
		{0353E974-D44D-4CCC-96DA-5A529DBD42A5}.Release|Any CPU.Build.0 = Release|Any CPU
		{0353E974-D44D-4CCC-96DA-5A529DBD42A5}.Release|x64.ActiveCfg = Release|Any CPU
		{0353E974-D44D-4CCC-96DA-5A529DBD42A5}.Release|x64.Build.0 = Release|Any CPU
		{0353E974-D44D-4CCC-96DA-5A529DBD42A5}.Release|x86.ActiveCfg = Release|Any CPU
		{0353E974-D44D-4CCC-96DA-5A529DBD42A5}.Release|x86.Build.0 = Release|Any CPU
		{C1D9DC4C-A51A-4E0D-8071-2BCE04BB3862}.Debug|Any CPU.ActiveCfg = Debug|Any CPU
		{C1D9DC4C-A51A-4E0D-8071-2BCE04BB3862}.Debug|Any CPU.Build.0 = Debug|Any CPU
		{C1D9DC4C-A51A-4E0D-8071-2BCE04BB3862}.Debug|x64.ActiveCfg = Debug|Any CPU
		{C1D9DC4C-A51A-4E0D-8071-2BCE04BB3862}.Debug|x64.Build.0 = Debug|Any CPU
		{C1D9DC4C-A51A-4E0D-8071-2BCE04BB3862}.Debug|x86.ActiveCfg = Debug|Any CPU
		{C1D9DC4C-A51A-4E0D-8071-2BCE04BB3862}.Debug|x86.Build.0 = Debug|Any CPU
		{C1D9DC4C-A51A-4E0D-8071-2BCE04BB3862}.Release|Any CPU.ActiveCfg = Release|Any CPU
		{C1D9DC4C-A51A-4E0D-8071-2BCE04BB3862}.Release|Any CPU.Build.0 = Release|Any CPU
		{C1D9DC4C-A51A-4E0D-8071-2BCE04BB3862}.Release|x64.ActiveCfg = Release|Any CPU
		{C1D9DC4C-A51A-4E0D-8071-2BCE04BB3862}.Release|x64.Build.0 = Release|Any CPU
		{C1D9DC4C-A51A-4E0D-8071-2BCE04BB3862}.Release|x86.ActiveCfg = Release|Any CPU
		{C1D9DC4C-A51A-4E0D-8071-2BCE04BB3862}.Release|x86.Build.0 = Release|Any CPU
		{57CB95A8-6804-4B90-B4DF-3875F4A1AB0D}.Debug|Any CPU.ActiveCfg = Debug|Any CPU
		{57CB95A8-6804-4B90-B4DF-3875F4A1AB0D}.Debug|Any CPU.Build.0 = Debug|Any CPU
		{57CB95A8-6804-4B90-B4DF-3875F4A1AB0D}.Debug|x64.ActiveCfg = Debug|Any CPU
		{57CB95A8-6804-4B90-B4DF-3875F4A1AB0D}.Debug|x64.Build.0 = Debug|Any CPU
		{57CB95A8-6804-4B90-B4DF-3875F4A1AB0D}.Debug|x86.ActiveCfg = Debug|Any CPU
		{57CB95A8-6804-4B90-B4DF-3875F4A1AB0D}.Debug|x86.Build.0 = Debug|Any CPU
		{57CB95A8-6804-4B90-B4DF-3875F4A1AB0D}.Release|Any CPU.ActiveCfg = Release|Any CPU
		{57CB95A8-6804-4B90-B4DF-3875F4A1AB0D}.Release|Any CPU.Build.0 = Release|Any CPU
		{57CB95A8-6804-4B90-B4DF-3875F4A1AB0D}.Release|x64.ActiveCfg = Release|Any CPU
		{57CB95A8-6804-4B90-B4DF-3875F4A1AB0D}.Release|x64.Build.0 = Release|Any CPU
		{57CB95A8-6804-4B90-B4DF-3875F4A1AB0D}.Release|x86.ActiveCfg = Release|Any CPU
		{57CB95A8-6804-4B90-B4DF-3875F4A1AB0D}.Release|x86.Build.0 = Release|Any CPU
		{843E7EEB-18A2-4D06-ADA3-0EBE259B2BE7}.Debug|Any CPU.ActiveCfg = Debug|Any CPU
		{843E7EEB-18A2-4D06-ADA3-0EBE259B2BE7}.Debug|Any CPU.Build.0 = Debug|Any CPU
		{843E7EEB-18A2-4D06-ADA3-0EBE259B2BE7}.Debug|x64.ActiveCfg = Debug|Any CPU
		{843E7EEB-18A2-4D06-ADA3-0EBE259B2BE7}.Debug|x64.Build.0 = Debug|Any CPU
		{843E7EEB-18A2-4D06-ADA3-0EBE259B2BE7}.Debug|x86.ActiveCfg = Debug|Any CPU
		{843E7EEB-18A2-4D06-ADA3-0EBE259B2BE7}.Debug|x86.Build.0 = Debug|Any CPU
		{843E7EEB-18A2-4D06-ADA3-0EBE259B2BE7}.Release|Any CPU.ActiveCfg = Release|Any CPU
		{843E7EEB-18A2-4D06-ADA3-0EBE259B2BE7}.Release|Any CPU.Build.0 = Release|Any CPU
		{843E7EEB-18A2-4D06-ADA3-0EBE259B2BE7}.Release|x64.ActiveCfg = Release|Any CPU
		{843E7EEB-18A2-4D06-ADA3-0EBE259B2BE7}.Release|x64.Build.0 = Release|Any CPU
		{843E7EEB-18A2-4D06-ADA3-0EBE259B2BE7}.Release|x86.ActiveCfg = Release|Any CPU
		{843E7EEB-18A2-4D06-ADA3-0EBE259B2BE7}.Release|x86.Build.0 = Release|Any CPU
		{F24F404F-D488-4A03-99C2-717B10EE9555}.Debug|Any CPU.ActiveCfg = Debug|Any CPU
		{F24F404F-D488-4A03-99C2-717B10EE9555}.Debug|Any CPU.Build.0 = Debug|Any CPU
		{F24F404F-D488-4A03-99C2-717B10EE9555}.Debug|x64.ActiveCfg = Debug|Any CPU
		{F24F404F-D488-4A03-99C2-717B10EE9555}.Debug|x64.Build.0 = Debug|Any CPU
		{F24F404F-D488-4A03-99C2-717B10EE9555}.Debug|x86.ActiveCfg = Debug|Any CPU
		{F24F404F-D488-4A03-99C2-717B10EE9555}.Debug|x86.Build.0 = Debug|Any CPU
		{F24F404F-D488-4A03-99C2-717B10EE9555}.Release|Any CPU.ActiveCfg = Release|Any CPU
		{F24F404F-D488-4A03-99C2-717B10EE9555}.Release|Any CPU.Build.0 = Release|Any CPU
		{F24F404F-D488-4A03-99C2-717B10EE9555}.Release|x64.ActiveCfg = Release|Any CPU
		{F24F404F-D488-4A03-99C2-717B10EE9555}.Release|x64.Build.0 = Release|Any CPU
		{F24F404F-D488-4A03-99C2-717B10EE9555}.Release|x86.ActiveCfg = Release|Any CPU
		{F24F404F-D488-4A03-99C2-717B10EE9555}.Release|x86.Build.0 = Release|Any CPU
		{FBD99909-432D-4E10-8124-79B26EC2722F}.Debug|Any CPU.ActiveCfg = Debug|Any CPU
		{FBD99909-432D-4E10-8124-79B26EC2722F}.Debug|Any CPU.Build.0 = Debug|Any CPU
		{FBD99909-432D-4E10-8124-79B26EC2722F}.Debug|x64.ActiveCfg = Debug|Any CPU
		{FBD99909-432D-4E10-8124-79B26EC2722F}.Debug|x64.Build.0 = Debug|Any CPU
		{FBD99909-432D-4E10-8124-79B26EC2722F}.Debug|x86.ActiveCfg = Debug|Any CPU
		{FBD99909-432D-4E10-8124-79B26EC2722F}.Debug|x86.Build.0 = Debug|Any CPU
		{FBD99909-432D-4E10-8124-79B26EC2722F}.Release|Any CPU.ActiveCfg = Release|Any CPU
		{FBD99909-432D-4E10-8124-79B26EC2722F}.Release|Any CPU.Build.0 = Release|Any CPU
		{FBD99909-432D-4E10-8124-79B26EC2722F}.Release|x64.ActiveCfg = Release|Any CPU
		{FBD99909-432D-4E10-8124-79B26EC2722F}.Release|x64.Build.0 = Release|Any CPU
		{FBD99909-432D-4E10-8124-79B26EC2722F}.Release|x86.ActiveCfg = Release|Any CPU
		{FBD99909-432D-4E10-8124-79B26EC2722F}.Release|x86.Build.0 = Release|Any CPU
		{6E8449BC-986A-450E-A1A3-A9F3F3B29A49}.Debug|Any CPU.ActiveCfg = Debug|Any CPU
		{6E8449BC-986A-450E-A1A3-A9F3F3B29A49}.Debug|Any CPU.Build.0 = Debug|Any CPU
		{6E8449BC-986A-450E-A1A3-A9F3F3B29A49}.Debug|x64.ActiveCfg = Debug|Any CPU
		{6E8449BC-986A-450E-A1A3-A9F3F3B29A49}.Debug|x64.Build.0 = Debug|Any CPU
		{6E8449BC-986A-450E-A1A3-A9F3F3B29A49}.Debug|x86.ActiveCfg = Debug|Any CPU
		{6E8449BC-986A-450E-A1A3-A9F3F3B29A49}.Debug|x86.Build.0 = Debug|Any CPU
		{6E8449BC-986A-450E-A1A3-A9F3F3B29A49}.Release|Any CPU.ActiveCfg = Release|Any CPU
		{6E8449BC-986A-450E-A1A3-A9F3F3B29A49}.Release|Any CPU.Build.0 = Release|Any CPU
		{6E8449BC-986A-450E-A1A3-A9F3F3B29A49}.Release|x64.ActiveCfg = Release|Any CPU
		{6E8449BC-986A-450E-A1A3-A9F3F3B29A49}.Release|x64.Build.0 = Release|Any CPU
		{6E8449BC-986A-450E-A1A3-A9F3F3B29A49}.Release|x86.ActiveCfg = Release|Any CPU
		{6E8449BC-986A-450E-A1A3-A9F3F3B29A49}.Release|x86.Build.0 = Release|Any CPU
	EndGlobalSection
	GlobalSection(SolutionProperties) = preSolution
		HideSolutionNode = FALSE
	EndGlobalSection
	GlobalSection(NestedProjects) = preSolution
		{A47C1440-DB2A-423B-91DF-0CD3A7A09FBD} = {827E0CD3-B72D-47B6-A68D-7590B98EB39B}
		{0353E974-D44D-4CCC-96DA-5A529DBD42A5} = {827E0CD3-B72D-47B6-A68D-7590B98EB39B}
		{C1D9DC4C-A51A-4E0D-8071-2BCE04BB3862} = {827E0CD3-B72D-47B6-A68D-7590B98EB39B}
		{57CB95A8-6804-4B90-B4DF-3875F4A1AB0D} = {827E0CD3-B72D-47B6-A68D-7590B98EB39B}
		{843E7EEB-18A2-4D06-ADA3-0EBE259B2BE7} = {827E0CD3-B72D-47B6-A68D-7590B98EB39B}
		{F24F404F-D488-4A03-99C2-717B10EE9555} = {0AB3BF05-4346-4AA6-1389-037BE0695223}
		{FBD99909-432D-4E10-8124-79B26EC2722F} = {0AB3BF05-4346-4AA6-1389-037BE0695223}
		{6E8449BC-986A-450E-A1A3-A9F3F3B29A49} = {0AB3BF05-4346-4AA6-1389-037BE0695223}
	EndGlobalSection
EndGlobal
